
Microsoft Visual Studio Solution File, Format Version 12.00
# Visual Studio Version 17
VisualStudioVersion = 17.6.33815.320
MinimumVisualStudioVersion = 10.0.40219.1
Project("{FAE04EC0-301F-11D3-BF4B-00C04F79EFBC}") = "AspNetProjesi", "AspNetProjesi\AspNetProjesi.csproj", "{2735A2EC-A646-4913-8014-62CB3BC437E2}"
EndProject
Global
	GlobalSection(SolutionConfigurationPlatforms) = preSolution
		Debug|Any CPU = Debug|Any CPU
		Release|Any CPU = Release|Any CPU
	EndGlobalSection
	GlobalSection(ProjectConfigurationPlatforms) = postSolution
		{2735A2EC-A646-4913-8014-62CB3BC437E2}.Debug|Any CPU.ActiveCfg = Debug|Any CPU
		{2735A2EC-A646-4913-8014-62CB3BC437E2}.Debug|Any CPU.Build.0 = Debug|Any CPU
		{2735A2EC-A646-4913-8014-62CB3BC437E2}.Release|Any CPU.ActiveCfg = Release|Any CPU
		{2735A2EC-A646-4913-8014-62CB3BC437E2}.Release|Any CPU.Build.0 = Release|Any CPU
	EndGlobalSection
	GlobalSection(SolutionProperties) = preSolution
		HideSolutionNode = FALSE
	EndGlobalSection
	GlobalSection(ExtensibilityGlobals) = postSolution
		SolutionGuid = {EA1EB3F6-8383-4FAB-9E00-4454970F012A}
	EndGlobalSection
EndGlobal
